{
  "version": 4,
  "terraform_version": "1.11.3",
  "serial": 216,
  "lineage": "1f09b33e-9ba4-4417-a155-c31268b3ad81",
  "outputs": {},
  "resources": [
    {
      "module": "module.k3s_vms",
      "mode": "managed",
      "type": "proxmox_virtual_environment_download_file",
      "name": "ubuntu_cloud_image",
      "provider": "provider[\"registry.terraform.io/bpg/proxmox\"]",
      "instances": [
        {
          "schema_version": 0,
          "attributes": {
            "checksum": null,
            "checksum_algorithm": null,
            "content_type": "iso",
            "datastore_id": "local",
            "decompression_algorithm": null,
            "file_name": "jammy-server-cloudimg-amd64.img",
            "id": "local:iso/jammy-server-cloudimg-amd64.img",
            "node_name": "pve",
            "overwrite": true,
            "overwrite_unmanaged": false,
            "size": 668097536,
            "upload_timeout": 600,
            "url": "https://cloud-images.ubuntu.com/jammy/current/jammy-server-cloudimg-amd64.img",
            "verify": true
          },
          "sensitive_attributes": []
        }
      ]
    },
    {
      "module": "module.k3s_vms",
      "mode": "managed",
      "type": "proxmox_virtual_environment_file",
      "name": "user_data_cloud_config",
      "provider": "provider[\"registry.terraform.io/bpg/proxmox\"]",
      "instances": [
        {
          "schema_version": 0,
          "attributes": {
            "content_type": "snippets",
            "datastore_id": "local",
            "file_mode": null,
            "file_modification_date": null,
            "file_name": "userdata.yaml",
            "file_size": null,
            "file_tag": null,
            "id": "local:snippets/userdata.yaml",
            "node_name": "pve",
            "overwrite": true,
            "source_file": [],
            "source_raw": [
              {
                "data": "#cloud-config\nhostname: pve\nlanguage: en_US:en\nmanage_etc_hosts: true\nssh_pwauth: true\nssh_authorized_keys:\n  - ssh-rsa AAAAB3NzaC1yc2EAAAADAQABAAACAQCrpphb1D7bNVLnAUzRb99NLwP5ZFp36KEFroxJ/1qZ8spvwetBSmRRV0fJD+w2RtgSahrgNvP1kEVeqsZzNyhNQ0oCnFePCayx+JQydwzjWrLUFTWpdzMw1SfEZAJtOFS7Vw5deS83WNE1uTtzfBDVlrCt+ZiC0DWRByuhnR4htulwQHoCpXTvvXIfRYxnPQR8kpe35KMGPpl/gGgpzgR+c8JKNQKQp2JO+8VlWr0Flvicm2/wREFRWHZeE+yFyjNaLoUslVr1U+wMh436QCFb6XILlfL89UzUSf95mx0pvsfc2uD51J+C5fnQPTRlLaur6kd9vWrAjm6zLf8eAjGdP9gojixKuIak4aXMGdUY23LnBt/w0bJxLUEEBp5oeRAj43yqyx7VoSe64hU548m/Lz8ifHS6KxhTRPAnDX9xoHeGOiSQOT4csnM78Y8fj80tn5HumI0ZaoTkF7d1BMn4g2KU4NGel/uo++XSnKuBQ23N94TaT4GgFm72RDX3H+iimJl5sxDrZeDcQLtl0lVwkpuDRuPV3q3TnTRr0IhuRwC/Qxt4gcLqSzjYiJpOtFdESFDrNwekT7MXWdxHoPaSFCg+CJ54EfsfhgBn17EbXdsSxv4dxMo5pMrvxwEidE1RhZqBl0FNEBzlXyho5oAxqTpIhMnwFaux0+zbbvTagQ== andres@terminal\n          \ntimezone: Asia/Manila\nusers:\n  - default\n  - name: k3s_admin\n    groups:\n      - sudo\n    shell: /bin/bash\n    sudo: ALL=(ALL) NOPASSWD:ALL\npackage_update: true\npackages:\n  - qemu-guest-agent\n  - net-tools\n  - curl\nruncmd:\n  - systemctl enable qemu-guest-agent\n  - systemctl start qemu-guest-agent\n  - echo \"done\" \u003e /tmp/cloud-config.done\n  - sudo hostnamectl set-hostname pve\n\n",
                "file_name": "userdata.yaml",
                "resize": 0
              }
            ],
            "timeout_upload": 1800
          },
          "sensitive_attributes": [],
          "private": "bnVsbA=="
        }
      ]
    },
    {
      "module": "module.k3s_vms",
      "mode": "managed",
      "type": "proxmox_virtual_environment_vm",
      "name": "this",
      "provider": "provider[\"registry.terraform.io/bpg/proxmox\"]",
      "instances": [
        {
          "schema_version": 0,
          "attributes": {
            "acpi": true,
            "agent": [
              {
                "enabled": true,
                "timeout": "15m",
                "trim": false,
                "type": "virtio"
              }
            ],
            "audio_device": [],
            "bios": "seabios",
            "boot_order": null,
            "cdrom": [],
            "clone": [
              {
                "datastore_id": "",
                "full": true,
                "node_name": "",
                "retries": 1,
                "vm_id": 108
              }
            ],
            "cpu": [],
            "description": null,
            "disk": [],
            "efi_disk": [],
            "hook_script_file_id": null,
            "hostpci": [],
            "id": "110",
            "initialization": [
              {
                "datastore_id": "local-lvm",
                "dns": [
                  {
                    "domain": "",
                    "server": "",
                    "servers": [
                      "192.168.254.105",
                      "8.8.8.8"
                    ]
                  }
                ],
                "interface": "ide2",
                "ip_config": [
                  {
                    "ipv4": [
                      {
                        "address": "dhcp",
                        "gateway": ""
                      }
                    ],
                    "ipv6": []
                  }
                ],
                "meta_data_file_id": "",
                "network_data_file_id": "",
                "type": "",
                "upgrade": false,
                "user_account": [],
                "user_data_file_id": "local:snippets/userdata.yaml",
                "vendor_data_file_id": ""
              }
            ],
            "ipv4_addresses": [],
            "ipv6_addresses": [],
            "keyboard_layout": "en-us",
            "kvm_arguments": null,
            "mac_addresses": [],
            "machine": null,
            "memory": [
              {
                "dedicated": 2048,
                "floating": 0,
                "hugepages": "",
                "keep_hugepages": false,
                "shared": 0
              }
            ],
            "migrate": false,
            "name": "pve",
            "network_device": [
              {
                "bridge": "vmbr0",
                "disconnected": false,
                "enabled": true,
                "firewall": false,
                "mac_address": "BC:24:11:A6:E1:7A",
                "model": "virtio",
                "mtu": 0,
                "queues": 0,
                "rate_limit": 0,
                "trunks": "",
                "vlan_id": 0
              }
            ],
            "network_interface_names": [],
            "node_name": "pve",
            "numa": [],
            "on_boot": true,
            "operating_system": [],
            "pool_id": null,
            "protection": false,
            "reboot": false,
            "reboot_after_update": true,
            "rng": [],
            "scsi_hardware": "virtio-scsi-pci",
            "serial_device": [],
            "smbios": [],
            "started": true,
            "startup": [],
            "stop_on_destroy": false,
            "tablet_device": true,
            "tags": null,
            "template": false,
            "timeout_clone": 1800,
            "timeout_create": 1800,
            "timeout_migrate": 1800,
            "timeout_move_disk": 1800,
            "timeout_reboot": 1800,
            "timeout_shutdown_vm": 1800,
            "timeout_start_vm": 1800,
            "timeout_stop_vm": 300,
            "tpm_state": [],
            "usb": [],
            "vga": [],
            "vm_id": 110,
            "watchdog": []
          },
          "sensitive_attributes": [],
          "private": "bnVsbA==",
          "dependencies": [
            "module.k3s_vms.proxmox_virtual_environment_file.user_data_cloud_config"
          ]
        }
      ]
    }
  ],
  "check_results": null
}
